// !$*UTF8*$!
{
	archiveVersion = 1;
	classes = {
	};
	objectVersion = 55;
	objects = {

/* Begin PBXBuildFile section */
		D213B94A276801E000DE5DC9 /* Media.xcassets in Resources */ = {isa = PBXBuildFile; fileRef = D213B949276801E000DE5DC9 /* Media.xcassets */; };
		D244E5C6278620FC001D71EE /* AccountInformation.swift in Sources */ = {isa = PBXBuildFile; fileRef = D244E5C5278620FC001D71EE /* AccountInformation.swift */; };
		D2B415FD278E0D5A00329F47 /* MoneyDividedViewController.swift in Sources */ = {isa = PBXBuildFile; fileRef = D2B415FC278E0D5A00329F47 /* MoneyDividedViewController.swift */; };
		D2C23CED2770D631001543D9 /* SpendnigsEarningsViewController.swift in Sources */ = {isa = PBXBuildFile; fileRef = D2C23CEC2770D631001543D9 /* SpendnigsEarningsViewController.swift */; };
		D2C23CEF2770D67F001543D9 /* DebtViewController.swift in Sources */ = {isa = PBXBuildFile; fileRef = D2C23CEE2770D67F001543D9 /* DebtViewController.swift */; };
		D2E8E1AF2767BA9300665299 /* AppDelegate.swift in Sources */ = {isa = PBXBuildFile; fileRef = D2E8E1AE2767BA9300665299 /* AppDelegate.swift */; };
		D2E8E1B12767BA9300665299 /* SceneDelegate.swift in Sources */ = {isa = PBXBuildFile; fileRef = D2E8E1B02767BA9300665299 /* SceneDelegate.swift */; };
		D2E8E1B32767BA9300665299 /* ViewController.swift in Sources */ = {isa = PBXBuildFile; fileRef = D2E8E1B22767BA9300665299 /* ViewController.swift */; };
		D2E8E1B62767BA9300665299 /* Main.storyboard in Resources */ = {isa = PBXBuildFile; fileRef = D2E8E1B42767BA9300665299 /* Main.storyboard */; };
		D2E8E1BB2767BA9600665299 /* LaunchScreen.storyboard in Resources */ = {isa = PBXBuildFile; fileRef = D2E8E1B92767BA9600665299 /* LaunchScreen.storyboard */; };
/* End PBXBuildFile section */

/* Begin PBXFileReference section */
		D213B949276801E000DE5DC9 /* Media.xcassets */ = {isa = PBXFileReference; lastKnownFileType = folder.assetcatalog; path = Media.xcassets; sourceTree = "<group>"; };
		D244E5C5278620FC001D71EE /* AccountInformation.swift */ = {isa = PBXFileReference; lastKnownFileType = sourcecode.swift; path = AccountInformation.swift; sourceTree = "<group>"; };
		D2B415FC278E0D5A00329F47 /* MoneyDividedViewController.swift */ = {isa = PBXFileReference; lastKnownFileType = sourcecode.swift; path = MoneyDividedViewController.swift; sourceTree = "<group>"; };
		D2C23CEC2770D631001543D9 /* SpendnigsEarningsViewController.swift */ = {isa = PBXFileReference; lastKnownFileType = sourcecode.swift; path = SpendnigsEarningsViewController.swift; sourceTree = "<group>"; };
		D2C23CEE2770D67F001543D9 /* DebtViewController.swift */ = {isa = PBXFileReference; lastKnownFileType = sourcecode.swift; path = DebtViewController.swift; sourceTree = "<group>"; };
		D2E8E1AB2767BA9300665299 /* Budget App.app */ = {isa = PBXFileReference; explicitFileType = wrapper.application; includeInIndex = 0; path = "Budget App.app"; sourceTree = BUILT_PRODUCTS_DIR; };
		D2E8E1AE2767BA9300665299 /* AppDelegate.swift */ = {isa = PBXFileReference; lastKnownFileType = sourcecode.swift; path = AppDelegate.swift; sourceTree = "<group>"; };
		D2E8E1B02767BA9300665299 /* SceneDelegate.swift */ = {isa = PBXFileReference; lastKnownFileType = sourcecode.swift; path = SceneDelegate.swift; sourceTree = "<group>"; };
		D2E8E1B22767BA9300665299 /* ViewController.swift */ = {isa = PBXFileReference; lastKnownFileType = sourcecode.swift; path = ViewController.swift; sourceTree = "<group>"; };
		D2E8E1B52767BA9300665299 /* Base */ = {isa = PBXFileReference; lastKnownFileType = file.storyboard; name = Base; path = Base.lproj/Main.storyboard; sourceTree = "<group>"; };
		D2E8E1BA2767BA9600665299 /* Base */ = {isa = PBXFileReference; lastKnownFileType = file.storyboard; name = Base; path = Base.lproj/LaunchScreen.storyboard; sourceTree = "<group>"; };
		D2E8E1BC2767BA9600665299 /* Info.plist */ = {isa = PBXFileReference; lastKnownFileType = text.plist.xml; path = Info.plist; sourceTree = "<group>"; };
/* End PBXFileReference section */

/* Begin PBXFrameworksBuildPhase section */
		D2E8E1A82767BA9300665299 /* Frameworks */ = {
			isa = PBXFrameworksBuildPhase;
			buildActionMask = 2147483647;
			files = (
			);
			runOnlyForDeploymentPostprocessing = 0;
		};
/* End PBXFrameworksBuildPhase section */

/* Begin PBXGroup section */
		D2E8E1A22767BA9300665299 = {
			isa = PBXGroup;
			children = (
				D2E8E1AD2767BA9300665299 /* Budget App */,
				D2E8E1AC2767BA9300665299 /* Products */,
			);
			sourceTree = "<group>";
		};
		D2E8E1AC2767BA9300665299 /* Products */ = {
			isa = PBXGroup;
			children = (
				D2E8E1AB2767BA9300665299 /* Budget App.app */,
			);
			name = Products;
			sourceTree = "<group>";
		};
		D2E8E1AD2767BA9300665299 /* Budget App */ = {
			isa = PBXGroup;
			children = (
				D2E8E1AE2767BA9300665299 /* AppDelegate.swift */,
				D2E8E1B02767BA9300665299 /* SceneDelegate.swift */,
				D2E8E1B22767BA9300665299 /* ViewController.swift */,
				D2E8E1B42767BA9300665299 /* Main.storyboard */,
				D2B415FC278E0D5A00329F47 /* MoneyDividedViewController.swift */,
				D2C23CEE2770D67F001543D9 /* DebtViewController.swift */,
				D2C23CEC2770D631001543D9 /* SpendnigsEarningsViewController.swift */,
				D244E5C5278620FC001D71EE /* AccountInformation.swift */,
				D213B949276801E000DE5DC9 /* Media.xcassets */,
				D2E8E1B92767BA9600665299 /* LaunchScreen.storyboard */,
				D2E8E1BC2767BA9600665299 /* Info.plist */,
			);
			path = "Budget App";
			sourceTree = "<group>";
		};
/* End PBXGroup section */

/* Begin PBXNativeTarget section */
		D2E8E1AA2767BA9300665299 /* Budget App */ = {
			isa = PBXNativeTarget;
			buildConfigurationList = D2E8E1BF2767BA9600665299 /* Build configuration list for PBXNativeTarget "Budget App" */;
			buildPhases = (
				D2E8E1A72767BA9300665299 /* Sources */,
				D2E8E1A82767BA9300665299 /* Frameworks */,
				D2E8E1A92767BA9300665299 /* Resources */,
			);
			buildRules = (
			);
			dependencies = (
			);
			name = "Budget App";
			productName = "Budget App";
			productReference = D2E8E1AB2767BA9300665299 /* Budget App.app */;
			productType = "com.apple.product-type.application";
		};
/* End PBXNativeTarget section */

/* Begin PBXProject section */
		D2E8E1A32767BA9300665299 /* Project object */ = {
			isa = PBXProject;
			attributes = {
				BuildIndependentTargetsInParallel = 1;
				LastSwiftUpdateCheck = 1300;
				LastUpgradeCheck = 1300;
				TargetAttributes = {
					D2E8E1AA2767BA9300665299 = {
						CreatedOnToolsVersion = 13.0;
					};
				};
			};
			buildConfigurationList = D2E8E1A62767BA9300665299 /* Build configuration list for PBXProject "Budget App" */;
			compatibilityVersion = "Xcode 13.0";
			developmentRegion = en;
			hasScannedForEncodings = 0;
			knownRegions = (
				en,
				Base,
			);
			mainGroup = D2E8E1A22767BA9300665299;
			productRefGroup = D2E8E1AC2767BA9300665299 /* Products */;
			projectDirPath = "";
			projectRoot = "";
			targets = (
				D2E8E1AA2767BA9300665299 /* Budget App */,
			);
		};
/* End PBXProject section */

/* Begin PBXResourcesBuildPhase section */
		D2E8E1A92767BA9300665299 /* Resources */ = {
			isa = PBXResourcesBuildPhase;
			buildActionMask = 2147483647;
			files = (
				D2E8E1BB2767BA9600665299 /* LaunchScreen.storyboard in Resources */,
				D213B94A276801E000DE5DC9 /* Media.xcassets in Resources */,
				D2E8E1B62767BA9300665299 /* Main.storyboard in Resources */,
			);
			runOnlyForDeploymentPostprocessing = 0;
		};
/* End PBXResourcesBuildPhase section */

/* Begin PBXSourcesBuildPhase section */
		D2E8E1A72767BA9300665299 /* Sources */ = {
			isa = PBXSourcesBuildPhase;
			buildActionMask = 2147483647;
			files = (
				D2E8E1B32767BA9300665299 /* ViewController.swift in Sources */,
				D2C23CED2770D631001543D9 /* SpendnigsEarningsViewController.swift in Sources */,
				D2C23CEF2770D67F001543D9 /* DebtViewController.swift in Sources */,
				D2E8E1AF2767BA9300665299 /* AppDelegate.swift in Sources */,
				D2B415FD278E0D5A00329F47 /* MoneyDividedViewController.swift in Sources */,
				D244E5C6278620FC001D71EE /* AccountInformation.swift in Sources */,
				D2E8E1B12767BA9300665299 /* SceneDelegate.swift in Sources */,
			);
			runOnlyForDeploymentPostprocessing = 0;
		};
/* End PBXSourcesBuildPhase section */

/* Begin PBXVariantGroup section */
		D2E8E1B42767BA9300665299 /* Main.storyboard */ = {
			isa = PBXVariantGroup;
			children = (
				D2E8E1B52767BA9300665299 /* Base */,
			);
			name = Main.storyboard;
			sourceTree = "<group>";
		};
		D2E8E1B92767BA9600665299 /* LaunchScreen.storyboard */ = {
			isa = PBXVariantGroup;
			children = (
				D2E8E1BA2767BA9600665299 /* Base */,
			);
			name = LaunchScreen.storyboard;
			sourceTree = "<group>";
		};
/* End PBXVariantGroup section */

/* Begin XCBuildConfiguration section */
		D2E8E1BD2767BA9600665299 /* Debug */ = {
			isa = XCBuildConfiguration;
			buildSettings = {
				ALWAYS_SEARCH_USER_PATHS = NO;
				CLANG_ANALYZER_NONNULL = YES;
				CLANG_ANALYZER_NUMBER_OBJECT_CONVERSION = YES_AGGRESSIVE;
				CLANG_CXX_LANGUAGE_STANDARD = "gnu++17";
				CLANG_CXX_LIBRARY = "libc++";
				CLANG_ENABLE_MODULES = YES;
				CLANG_ENABLE_OBJC_ARC = YES;
				CLANG_ENABLE_OBJC_WEAK = YES;
				CLANG_WARN_BLOCK_CAPTURE_AUTORELEASING = YES;
				CLANG_WARN_BOOL_CONVERSION = YES;
				CLANG_WARN_COMMA = YES;
				CLANG_WARN_CONSTANT_CONVERSION = YES;
				CLANG_WARN_DEPRECATED_OBJC_IMPLEMENTATIONS = YES;
				CLANG_WARN_DIRECT_OBJC_ISA_USAGE = YES_ERROR;
				CLANG_WARN_DOCUMENTATION_COMMENTS = YES;
				CLANG_WARN_EMPTY_BODY = YES;
				CLANG_WARN_ENUM_CONVERSION = YES;
				CLANG_WARN_INFINITE_RECURSION = YES;
				CLANG_WARN_INT_CONVERSION = YES;
				CLANG_WARN_NON_LITERAL_NULL_CONVERSION = YES;
				CLANG_WARN_OBJC_IMPLICIT_RETAIN_SELF = YES;
				CLANG_WARN_OBJC_LITERAL_CONVERSION = YES;
				CLANG_WARN_OBJC_ROOT_CLASS = YES_ERROR;
				CLANG_WARN_QUOTED_INCLUDE_IN_FRAMEWORK_HEADER = YES;
				CLANG_WARN_RANGE_LOOP_ANALYSIS = YES;
				CLANG_WARN_STRICT_PROTOTYPES = YES;
				CLANG_WARN_SUSPICIOUS_MOVE = YES;
				CLANG_WARN_UNGUARDED_AVAILABILITY = YES_AGGRESSIVE;
				CLANG_WARN_UNREACHABLE_CODE = YES;
				CLANG_WARN__DUPLICATE_METHOD_MATCH = YES;
				COPY_PHASE_STRIP = NO;
				DEBUG_INFORMATION_FORMAT = dwarf;
				ENABLE_STRICT_OBJC_MSGSEND = YES;
				ENABLE_TESTABILITY = YES;
				GCC_C_LANGUAGE_STANDARD = gnu11;
				GCC_DYNAMIC_NO_PIC = NO;
				GCC_NO_COMMON_BLOCKS = YES;
				GCC_OPTIMIZATION_LEVEL = 0;
				GCC_PREPROCESSOR_DEFINITIONS = (
					"DEBUG=1",
					"$(inherited)",
				);
				GCC_WARN_64_TO_32_BIT_CONVERSION = YES;
				GCC_WARN_ABOUT_RETURN_TYPE = YES_ERROR;
				GCC_WARN_UNDECLARED_SELECTOR = YES;
				GCC_WARN_UNINITIALIZED_AUTOS = YES_AGGRESSIVE;
				GCC_WARN_UNUSED_FUNCTION = YES;
				GCC_WARN_UNUSED_VARIABLE = YES;
				IPHONEOS_DEPLOYMENT_TARGET = 15.0;
				MTL_ENABLE_DEBUG_INFO = INCLUDE_SOURCE;
				MTL_FAST_MATH = YES;
				ONLY_ACTIVE_ARCH = YES;
				SDKROOT = iphoneos;
				SWIFT_ACTIVE_COMPILATION_CONDITIONS = DEBUG;
				SWIFT_OPTIMIZATION_LEVEL = "-Onone";
			};
			name = Debug;
		};
		D2E8E1BE2767BA9600665299 /* Release */ = {
			isa = XCBuildConfiguration;
			buildSettings = {
				ALWAYS_SEARCH_USER_PATHS = NO;
				CLANG_ANALYZER_NONNULL = YES;
				CLANG_ANALYZER_NUMBER_OBJECT_CONVERSION = YES_AGGRESSIVE;
				CLANG_CXX_LANGUAGE_STANDARD = "gnu++17";
				CLANG_CXX_LIBRARY = "libc++";
				CLANG_ENABLE_MODULES = YES;
				CLANG_ENABLE_OBJC_ARC = YES;
				CLANG_ENABLE_OBJC_WEAK = YES;
				CLANG_WARN_BLOCK_CAPTURE_AUTORELEASING = YES;
				CLANG_WARN_BOOL_CONVERSION = YES;
				CLANG_WARN_COMMA = YES;
				CLANG_WARN_CONSTANT_CONVERSION = YES;
				CLANG_WARN_DEPRECATED_OBJC_IMPLEMENTATIONS = YES;
				CLANG_WARN_DIRECT_OBJC_ISA_USAGE = YES_ERROR;
				CLANG_WARN_DOCUMENTATION_COMMENTS = YES;
				CLANG_WARN_EMPTY_BODY = YES;
				CLANG_WARN_ENUM_CONVERSION = YES;
				CLANG_WARN_INFINITE_RECURSION = YES;
				CLANG_WARN_INT_CONVERSION = YES;
				CLANG_WARN_NON_LITERAL_NULL_CONVERSION = YES;
				CLANG_WARN_OBJC_IMPLICIT_RETAIN_SELF = YES;
				CLANG_WARN_OBJC_LITERAL_CONVERSION = YES;
				CLANG_WARN_OBJC_ROOT_CLASS = YES_ERROR;
				CLANG_WARN_QUOTED_INCLUDE_IN_FRAMEWORK_HEADER = YES;
				CLANG_WARN_RANGE_LOOP_ANALYSIS = YES;
				CLANG_WARN_STRICT_PROTOTYPES = YES;
				CLANG_WARN_SUSPICIOUS_MOVE = YES;
				CLANG_WARN_UNGUARDED_AVAILABILITY = YES_AGGRESSIVE;
				CLANG_WARN_UNREACHABLE_CODE = YES;
				CLANG_WARN__DUPLICATE_METHOD_MATCH = YES;
				COPY_PHASE_STRIP = NO;
				DEBUG_INFORMATION_FORMAT = "dwarf-with-dsym";
				ENABLE_NS_ASSERTIONS = NO;
				ENABLE_STRICT_OBJC_MSGSEND = YES;
				GCC_C_LANGUAGE_STANDARD = gnu11;
				GCC_NO_COMMON_BLOCKS = YES;
				GCC_WARN_64_TO_32_BIT_CONVERSION = YES;
				GCC_WARN_ABOUT_RETURN_TYPE = YES_ERROR;
				GCC_WARN_UNDECLARED_SELECTOR = YES;
				GCC_WARN_UNINITIALIZED_AUTOS = YES_AGGRESSIVE;
				GCC_WARN_UNUSED_FUNCTION = YES;
				GCC_WARN_UNUSED_VARIABLE = YES;
				IPHONEOS_DEPLOYMENT_TARGET = 15.0;
				MTL_ENABLE_DEBUG_INFO = NO;
				MTL_FAST_MATH = YES;
				SDKROOT = iphoneos;
				SWIFT_COMPILATION_MODE = wholemodule;
				SWIFT_OPTIMIZATION_LEVEL = "-O";
				VALIDATE_PRODUCT = YES;
			};
			name = Release;
		};
		D2E8E1C02767BA9600665299 /* Debug */ = {
			isa = XCBuildConfiguration;
			buildSettings = {
				ASSETCATALOG_COMPILER_APPICON_NAME = AppIcon;
				ASSETCATALOG_COMPILER_GLOBAL_ACCENT_COLOR_NAME = AccentColor;
				CODE_SIGN_STYLE = Automatic;
				CURRENT_PROJECT_VERSION = 1;
				GENERATE_INFOPLIST_FILE = YES;
				INFOPLIST_FILE = "Budget App/Info.plist";
				INFOPLIST_KEY_UIApplicationSupportsIndirectInputEvents = YES;
				INFOPLIST_KEY_UILaunchStoryboardName = LaunchScreen;
				INFOPLIST_KEY_UIMainStoryboardFile = Main;
				INFOPLIST_KEY_UISupportedInterfaceOrientations_iPad = "UIInterfaceOrientationPortrait UIInterfaceOrientationPortraitUpsideDown UIInterfaceOrientationLandscapeLeft UIInterfaceOrientationLandscapeRight";
				INFOPLIST_KEY_UISupportedInterfaceOrientations_iPhone = "UIInterfaceOrientationPortrait UIInterfaceOrientationLandscapeLeft UIInterfaceOrientationLandscapeRight";
				LD_RUNPATH_SEARCH_PATHS = (
					"$(inherited)",
					"@executable_path/Frameworks",
				);
				MARKETING_VERSION = 1.0;
				PRODUCT_BUNDLE_IDENTIFIER = "com.JordynRabinowitz.Budget-App";
				PRODUCT_NAME = "$(TARGET_NAME)";
				SWIFT_EMIT_LOC_STRINGS = YES;
				SWIFT_VERSION = 5.0;
				TARGETED_DEVICE_FAMILY = "1,2";
			};
			name = Debug;
		};
		D2E8E1C12767BA9600665299 /* Release */ = {
			isa = XCBuildConfiguration;
			buildSettings = {
				ASSETCATALOG_COMPILER_APPICON_NAME = AppIcon;
				ASSETCATALOG_COMPILER_GLOBAL_ACCENT_COLOR_NAME = AccentColor;
				CODE_SIGN_STYLE = Automatic;
				CURRENT_PROJECT_VERSION = 1;
				GENERATE_INFOPLIST_FILE = YES;
				INFOPLIST_FILE = "Budget App/Info.plist";
				INFOPLIST_KEY_UIApplicationSupportsIndirectInputEvents = YES;
				INFOPLIST_KEY_UILaunchStoryboardName = LaunchScreen;
				INFOPLIST_KEY_UIMainStoryboardFile = Main;
				INFOPLIST_KEY_UISupportedInterfaceOrientations_iPad = "UIInterfaceOrientationPortrait UIInterfaceOrientationPortraitUpsideDown UIInterfaceOrientationLandscapeLeft UIInterfaceOrientationLandscapeRight";
				INFOPLIST_KEY_UISupportedInterfaceOrientations_iPhone = "UIInterfaceOrientationPortrait UIInterfaceOrientationLandscapeLeft UIInterfaceOrientationLandscapeRight";
				LD_RUNPATH_SEARCH_PATHS = (
					"$(inherited)",
					"@executable_path/Frameworks",
				);
				MARKETING_VERSION = 1.0;
				PRODUCT_BUNDLE_IDENTIFIER = "com.JordynRabinowitz.Budget-App";
				PRODUCT_NAME = "$(TARGET_NAME)";
				SWIFT_EMIT_LOC_STRINGS = YES;
				SWIFT_VERSION = 5.0;
				TARGETED_DEVICE_FAMILY = "1,2";
			};
			name = Release;
		};
/* End XCBuildConfiguration section */

/* Begin XCConfigurationList section */
		D2E8E1A62767BA9300665299 /* Build configuration list for PBXProject "Budget App" */ = {
			isa = XCConfigurationList;
			buildConfigurations = (
				D2E8E1BD2767BA9600665299 /* Debug */,
				D2E8E1BE2767BA9600665299 /* Release */,
			);
			defaultConfigurationIsVisible = 0;
			defaultConfigurationName = Release;
		};
		D2E8E1BF2767BA9600665299 /* Build configuration list for PBXNativeTarget "Budget App" */ = {
			isa = XCConfigurationList;
			buildConfigurations = (
				D2E8E1C02767BA9600665299 /* Debug */,
				D2E8E1C12767BA9600665299 /* Release */,
			);
			defaultConfigurationIsVisible = 0;
			defaultConfigurationName = Release;
		};
/* End XCConfigurationList section */
	};
	rootObject = D2E8E1A32767BA9300665299 /* Project object */;
}
